
Microsoft Visual Studio Solution File, Format Version 12.00
# Visual Studio 15
VisualStudioVersion = 15.0.27130.2010
MinimumVisualStudioVersion = 10.0.40219.1
Project("{FAE04EC0-301F-11D3-BF4B-00C04F79EFBC}") = "Avereger", "Avereger\Avereger.csproj", "{AF3A7218-9F0F-4405-925B-F94497325804}"
EndProject
Global
	GlobalSection(SolutionConfigurationPlatforms) = preSolution
		Debug|Any CPU = Debug|Any CPU
		Release|Any CPU = Release|Any CPU
	EndGlobalSection
	GlobalSection(ProjectConfigurationPlatforms) = postSolution
		{AF3A7218-9F0F-4405-925B-F94497325804}.Debug|Any CPU.ActiveCfg = Debug|Any CPU
		{AF3A7218-9F0F-4405-925B-F94497325804}.Debug|Any CPU.Build.0 = Debug|Any CPU
		{AF3A7218-9F0F-4405-925B-F94497325804}.Release|Any CPU.ActiveCfg = Release|Any CPU
		{AF3A7218-9F0F-4405-925B-F94497325804}.Release|Any CPU.Build.0 = Release|Any CPU
	EndGlobalSection
	GlobalSection(SolutionProperties) = preSolution
		HideSolutionNode = FALSE
	EndGlobalSection
	GlobalSection(ExtensibilityGlobals) = postSolution
		SolutionGuid = {A75F2A71-A39A-4609-BCF6-56EE451D446E}
	EndGlobalSection
EndGlobal
